
Microsoft Visual Studio Solution File, Format Version 12.00
# Visual Studio Version 17
VisualStudioVersion = 17.9.34622.214
MinimumVisualStudioVersion = 10.0.40219.1
Project("{FAE04EC0-301F-11D3-BF4B-00C04F79EFBC}") = "Resolvendo", "Resolvendo\Resolvendo.csproj", "{B19FCB69-4DED-492E-8C5C-30CB7345B480}"
EndProject
Global
	GlobalSection(SolutionConfigurationPlatforms) = preSolution
		Debug|Any CPU = Debug|Any CPU
		Release|Any CPU = Release|Any CPU
	EndGlobalSection
	GlobalSection(ProjectConfigurationPlatforms) = postSolution
		{B19FCB69-4DED-492E-8C5C-30CB7345B480}.Debug|Any CPU.ActiveCfg = Debug|Any CPU
		{B19FCB69-4DED-492E-8C5C-30CB7345B480}.Debug|Any CPU.Build.0 = Debug|Any CPU
		{B19FCB69-4DED-492E-8C5C-30CB7345B480}.Release|Any CPU.ActiveCfg = Release|Any CPU
		{B19FCB69-4DED-492E-8C5C-30CB7345B480}.Release|Any CPU.Build.0 = Release|Any CPU
	EndGlobalSection
	GlobalSection(SolutionProperties) = preSolution
		HideSolutionNode = FALSE
	EndGlobalSection
	GlobalSection(ExtensibilityGlobals) = postSolution
		SolutionGuid = {3A626D10-DD39-454E-A837-85DA0627AE15}
	EndGlobalSection
EndGlobal
